// !$*UTF8*$!
{
	archiveVersion = 1;
	classes = {
	};
	objectVersion = 46;
	objects = {

/* Begin PBXBuildFile section */
		A7270F151EF7299700A45483 /* AppDelegate.swift in Sources */ = {isa = PBXBuildFile; fileRef = A7270F141EF7299700A45483 /* AppDelegate.swift */; };
		A7270F171EF7299700A45483 /* GameScene.sks in Resources */ = {isa = PBXBuildFile; fileRef = A7270F161EF7299700A45483 /* GameScene.sks */; };
		A7270F191EF7299700A45483 /* Actions.sks in Resources */ = {isa = PBXBuildFile; fileRef = A7270F181EF7299700A45483 /* Actions.sks */; };
		A7270F1B1EF7299700A45483 /* GameScene.swift in Sources */ = {isa = PBXBuildFile; fileRef = A7270F1A1EF7299700A45483 /* GameScene.swift */; };
		A7270F1D1EF7299700A45483 /* GameViewController.swift in Sources */ = {isa = PBXBuildFile; fileRef = A7270F1C1EF7299700A45483 /* GameViewController.swift */; };
		A7270F201EF7299700A45483 /* Main.storyboard in Resources */ = {isa = PBXBuildFile; fileRef = A7270F1E1EF7299700A45483 /* Main.storyboard */; };
		A7270F221EF7299700A45483 /* Assets.xcassets in Resources */ = {isa = PBXBuildFile; fileRef = A7270F211EF7299700A45483 /* Assets.xcassets */; };
		A7270F251EF7299700A45483 /* LaunchScreen.storyboard in Resources */ = {isa = PBXBuildFile; fileRef = A7270F231EF7299700A45483 /* LaunchScreen.storyboard */; };
		A7270F301EF7299700A45483 /* Jack_The_Giant_iOSTests.swift in Sources */ = {isa = PBXBuildFile; fileRef = A7270F2F1EF7299700A45483 /* Jack_The_Giant_iOSTests.swift */; };
		A7270F3B1EF7299700A45483 /* Jack_The_Giant_iOSUITests.swift in Sources */ = {isa = PBXBuildFile; fileRef = A7270F3A1EF7299700A45483 /* Jack_The_Giant_iOSUITests.swift */; };
		A7270F741EF72AC700A45483 /* Pause Menu.png in Resources */ = {isa = PBXBuildFile; fileRef = A7270F4A1EF72AC700A45483 /* Pause Menu.png */; };
		A7270F751EF72AC700A45483 /* Quit Button 2.png in Resources */ = {isa = PBXBuildFile; fileRef = A7270F4B1EF72AC700A45483 /* Quit Button 2.png */; };
		A7270F761EF72AC700A45483 /* Resume Button.png in Resources */ = {isa = PBXBuildFile; fileRef = A7270F4C1EF72AC700A45483 /* Resume Button.png */; };
		A7270F771EF72AC700A45483 /* Show Score.png in Resources */ = {isa = PBXBuildFile; fileRef = A7270F4D1EF72AC700A45483 /* Show Score.png */; };
		A7270F781EF72AC700A45483 /* Coin.png in Resources */ = {isa = PBXBuildFile; fileRef = A7270F4F1EF72AC700A45483 /* Coin.png */; };
		A7270F791EF72AC700A45483 /* Life.png in Resources */ = {isa = PBXBuildFile; fileRef = A7270F501EF72AC700A45483 /* Life.png */; };
		A7270F7A1EF72AC700A45483 /* Cloud 1.png in Resources */ = {isa = PBXBuildFile; fileRef = A7270F521EF72AC700A45483 /* Cloud 1.png */; };
		A7270F7B1EF72AC700A45483 /* Cloud 2.png in Resources */ = {isa = PBXBuildFile; fileRef = A7270F531EF72AC700A45483 /* Cloud 2.png */; };
		A7270F7C1EF72AC700A45483 /* Cloud 3.png in Resources */ = {isa = PBXBuildFile; fileRef = A7270F541EF72AC700A45483 /* Cloud 3.png */; };
		A7270F7D1EF72AC700A45483 /* Dark Cloud.png in Resources */ = {isa = PBXBuildFile; fileRef = A7270F551EF72AC700A45483 /* Dark Cloud.png */; };
		A7270F7E1EF72AC700A45483 /* blow.ttf in Resources */ = {isa = PBXBuildFile; fileRef = A7270F571EF72AC700A45483 /* blow.ttf */; };
		A7270F7F1EF72AC700A45483 /* Background music.mp3 in Resources */ = {isa = PBXBuildFile; fileRef = A7270F591EF72AC700A45483 /* Background music.mp3 */; };
		A7270F801EF72AC700A45483 /* Click Sound.wav in Resources */ = {isa = PBXBuildFile; fileRef = A7270F5A1EF72AC700A45483 /* Click Sound.wav */; };
		A7270F811EF72AC700A45483 /* Coin Sound.wav in Resources */ = {isa = PBXBuildFile; fileRef = A7270F5B1EF72AC700A45483 /* Coin Sound.wav */; };
		A7270F821EF72AC700A45483 /* Life Sound.wav in Resources */ = {isa = PBXBuildFile; fileRef = A7270F5C1EF72AC700A45483 /* Life Sound.wav */; };
		A7270F831EF72AC700A45483 /* Game BG.png in Resources */ = {isa = PBXBuildFile; fileRef = A7270F5E1EF72AC700A45483 /* Game BG.png */; };
		A7270F841EF72AC700A45483 /* Highscore BG.png in Resources */ = {isa = PBXBuildFile; fileRef = A7270F5F1EF72AC700A45483 /* Highscore BG.png */; };
		A7270F851EF72AC700A45483 /* Menu BG.png in Resources */ = {isa = PBXBuildFile; fileRef = A7270F601EF72AC700A45483 /* Menu BG.png */; };
		A7270F861EF72AC700A45483 /* Options BG.png in Resources */ = {isa = PBXBuildFile; fileRef = A7270F611EF72AC700A45483 /* Options BG.png */; };
		A7270F871EF72AC700A45483 /* Pause Button.png in Resources */ = {isa = PBXBuildFile; fileRef = A7270F641EF72AC700A45483 /* Pause Button.png */; };
		A7270F881EF72AC700A45483 /* Ready.png in Resources */ = {isa = PBXBuildFile; fileRef = A7270F651EF72AC700A45483 /* Ready.png */; };
		A7270F891EF72AC700A45483 /* Score.png in Resources */ = {isa = PBXBuildFile; fileRef = A7270F661EF72AC700A45483 /* Score.png */; };
		A7270F8A1EF72AC700A45483 /* Back Button.png in Resources */ = {isa = PBXBuildFile; fileRef = A7270F681EF72AC700A45483 /* Back Button.png */; };
		A7270F8B1EF72AC700A45483 /* Check Sign.png in Resources */ = {isa = PBXBuildFile; fileRef = A7270F691EF72AC700A45483 /* Check Sign.png */; };
		A7270F8C1EF72AC700A45483 /* Easy Button.png in Resources */ = {isa = PBXBuildFile; fileRef = A7270F6A1EF72AC700A45483 /* Easy Button.png */; };
		A7270F8D1EF72AC700A45483 /* Hard Button.png in Resources */ = {isa = PBXBuildFile; fileRef = A7270F6B1EF72AC700A45483 /* Hard Button.png */; };
		A7270F8E1EF72AC700A45483 /* Medium Button.png in Resources */ = {isa = PBXBuildFile; fileRef = A7270F6C1EF72AC700A45483 /* Medium Button.png */; };
		A7270F8F1EF72AC700A45483 /* Highscore Button.png in Resources */ = {isa = PBXBuildFile; fileRef = A7270F6E1EF72AC700A45483 /* Highscore Button.png */; };
		A7270F901EF72AC700A45483 /* Music Off Button.png in Resources */ = {isa = PBXBuildFile; fileRef = A7270F6F1EF72AC700A45483 /* Music Off Button.png */; };
		A7270F911EF72AC700A45483 /* Music On Button.png in Resources */ = {isa = PBXBuildFile; fileRef = A7270F701EF72AC700A45483 /* Music On Button.png */; };
		A7270F921EF72AC700A45483 /* Options Button.png in Resources */ = {isa = PBXBuildFile; fileRef = A7270F711EF72AC700A45483 /* Options Button.png */; };
		A7270F931EF72AC700A45483 /* Quit Button.png in Resources */ = {isa = PBXBuildFile; fileRef = A7270F721EF72AC700A45483 /* Quit Button.png */; };
		A7270F941EF72AC700A45483 /* Start Game Button.png in Resources */ = {isa = PBXBuildFile; fileRef = A7270F731EF72AC700A45483 /* Start Game Button.png */; };
/* End PBXBuildFile section */

/* Begin PBXContainerItemProxy section */
		A7270F2C1EF7299700A45483 /* PBXContainerItemProxy */ = {
			isa = PBXContainerItemProxy;
			containerPortal = A7270F091EF7299700A45483 /* Project object */;
			proxyType = 1;
			remoteGlobalIDString = A7270F101EF7299700A45483;
			remoteInfo = "Jack-The-Giant-iOS";
		};
		A7270F371EF7299700A45483 /* PBXContainerItemProxy */ = {
			isa = PBXContainerItemProxy;
			containerPortal = A7270F091EF7299700A45483 /* Project object */;
			proxyType = 1;
			remoteGlobalIDString = A7270F101EF7299700A45483;
			remoteInfo = "Jack-The-Giant-iOS";
		};
/* End PBXContainerItemProxy section */

/* Begin PBXFileReference section */
		A7270F111EF7299700A45483 /* Jack-The-Giant-iOS.app */ = {isa = PBXFileReference; explicitFileType = wrapper.application; includeInIndex = 0; path = "Jack-The-Giant-iOS.app"; sourceTree = BUILT_PRODUCTS_DIR; };
		A7270F141EF7299700A45483 /* AppDelegate.swift */ = {isa = PBXFileReference; lastKnownFileType = sourcecode.swift; path = AppDelegate.swift; sourceTree = "<group>"; };
		A7270F161EF7299700A45483 /* GameScene.sks */ = {isa = PBXFileReference; lastKnownFileType = file.sks; path = GameScene.sks; sourceTree = "<group>"; };
		A7270F181EF7299700A45483 /* Actions.sks */ = {isa = PBXFileReference; lastKnownFileType = file.sks; path = Actions.sks; sourceTree = "<group>"; };
		A7270F1A1EF7299700A45483 /* GameScene.swift */ = {isa = PBXFileReference; lastKnownFileType = sourcecode.swift; path = GameScene.swift; sourceTree = "<group>"; };
		A7270F1C1EF7299700A45483 /* GameViewController.swift */ = {isa = PBXFileReference; lastKnownFileType = sourcecode.swift; path = GameViewController.swift; sourceTree = "<group>"; };
		A7270F1F1EF7299700A45483 /* Base */ = {isa = PBXFileReference; lastKnownFileType = file.storyboard; name = Base; path = Base.lproj/Main.storyboard; sourceTree = "<group>"; };
		A7270F211EF7299700A45483 /* Assets.xcassets */ = {isa = PBXFileReference; lastKnownFileType = folder.assetcatalog; path = Assets.xcassets; sourceTree = "<group>"; };
		A7270F241EF7299700A45483 /* Base */ = {isa = PBXFileReference; lastKnownFileType = file.storyboard; name = Base; path = Base.lproj/LaunchScreen.storyboard; sourceTree = "<group>"; };
		A7270F261EF7299700A45483 /* Info.plist */ = {isa = PBXFileReference; lastKnownFileType = text.plist.xml; path = Info.plist; sourceTree = "<group>"; };
		A7270F2B1EF7299700A45483 /* Jack-The-Giant-iOSTests.xctest */ = {isa = PBXFileReference; explicitFileType = wrapper.cfbundle; includeInIndex = 0; path = "Jack-The-Giant-iOSTests.xctest"; sourceTree = BUILT_PRODUCTS_DIR; };
		A7270F2F1EF7299700A45483 /* Jack_The_Giant_iOSTests.swift */ = {isa = PBXFileReference; lastKnownFileType = sourcecode.swift; path = Jack_The_Giant_iOSTests.swift; sourceTree = "<group>"; };
		A7270F311EF7299700A45483 /* Info.plist */ = {isa = PBXFileReference; lastKnownFileType = text.plist.xml; path = Info.plist; sourceTree = "<group>"; };
		A7270F361EF7299700A45483 /* Jack-The-Giant-iOSUITests.xctest */ = {isa = PBXFileReference; explicitFileType = wrapper.cfbundle; includeInIndex = 0; path = "Jack-The-Giant-iOSUITests.xctest"; sourceTree = BUILT_PRODUCTS_DIR; };
		A7270F3A1EF7299700A45483 /* Jack_The_Giant_iOSUITests.swift */ = {isa = PBXFileReference; lastKnownFileType = sourcecode.swift; path = Jack_The_Giant_iOSUITests.swift; sourceTree = "<group>"; };
		A7270F3C1EF7299700A45483 /* Info.plist */ = {isa = PBXFileReference; lastKnownFileType = text.plist.xml; path = Info.plist; sourceTree = "<group>"; };
		A7270F4A1EF72AC700A45483 /* Pause Menu.png */ = {isa = PBXFileReference; lastKnownFileType = image.png; path = "Pause Menu.png"; sourceTree = "<group>"; };
		A7270F4B1EF72AC700A45483 /* Quit Button 2.png */ = {isa = PBXFileReference; lastKnownFileType = image.png; path = "Quit Button 2.png"; sourceTree = "<group>"; };
		A7270F4C1EF72AC700A45483 /* Resume Button.png */ = {isa = PBXFileReference; lastKnownFileType = image.png; path = "Resume Button.png"; sourceTree = "<group>"; };
		A7270F4D1EF72AC700A45483 /* Show Score.png */ = {isa = PBXFileReference; lastKnownFileType = image.png; path = "Show Score.png"; sourceTree = "<group>"; };
		A7270F4F1EF72AC700A45483 /* Coin.png */ = {isa = PBXFileReference; lastKnownFileType = image.png; path = Coin.png; sourceTree = "<group>"; };
		A7270F501EF72AC700A45483 /* Life.png */ = {isa = PBXFileReference; lastKnownFileType = image.png; path = Life.png; sourceTree = "<group>"; };
		A7270F521EF72AC700A45483 /* Cloud 1.png */ = {isa = PBXFileReference; lastKnownFileType = image.png; path = "Cloud 1.png"; sourceTree = "<group>"; };
		A7270F531EF72AC700A45483 /* Cloud 2.png */ = {isa = PBXFileReference; lastKnownFileType = image.png; path = "Cloud 2.png"; sourceTree = "<group>"; };
		A7270F541EF72AC700A45483 /* Cloud 3.png */ = {isa = PBXFileReference; lastKnownFileType = image.png; path = "Cloud 3.png"; sourceTree = "<group>"; };
		A7270F551EF72AC700A45483 /* Dark Cloud.png */ = {isa = PBXFileReference; lastKnownFileType = image.png; path = "Dark Cloud.png"; sourceTree = "<group>"; };
		A7270F571EF72AC700A45483 /* blow.ttf */ = {isa = PBXFileReference; lastKnownFileType = file; path = blow.ttf; sourceTree = "<group>"; };
		A7270F591EF72AC700A45483 /* Background music.mp3 */ = {isa = PBXFileReference; lastKnownFileType = audio.mp3; path = "Background music.mp3"; sourceTree = "<group>"; };
		A7270F5A1EF72AC700A45483 /* Click Sound.wav */ = {isa = PBXFileReference; lastKnownFileType = audio.wav; path = "Click Sound.wav"; sourceTree = "<group>"; };
		A7270F5B1EF72AC700A45483 /* Coin Sound.wav */ = {isa = PBXFileReference; lastKnownFileType = audio.wav; path = "Coin Sound.wav"; sourceTree = "<group>"; };
		A7270F5C1EF72AC700A45483 /* Life Sound.wav */ = {isa = PBXFileReference; lastKnownFileType = audio.wav; path = "Life Sound.wav"; sourceTree = "<group>"; };
		A7270F5E1EF72AC700A45483 /* Game BG.png */ = {isa = PBXFileReference; lastKnownFileType = image.png; path = "Game BG.png"; sourceTree = "<group>"; };
		A7270F5F1EF72AC700A45483 /* Highscore BG.png */ = {isa = PBXFileReference; lastKnownFileType = image.png; path = "Highscore BG.png"; sourceTree = "<group>"; };
		A7270F601EF72AC700A45483 /* Menu BG.png */ = {isa = PBXFileReference; lastKnownFileType = image.png; path = "Menu BG.png"; sourceTree = "<group>"; };
		A7270F611EF72AC700A45483 /* Options BG.png */ = {isa = PBXFileReference; lastKnownFileType = image.png; path = "Options BG.png"; sourceTree = "<group>"; };
		A7270F641EF72AC700A45483 /* Pause Button.png */ = {isa = PBXFileReference; lastKnownFileType = image.png; path = "Pause Button.png"; sourceTree = "<group>"; };
		A7270F651EF72AC700A45483 /* Ready.png */ = {isa = PBXFileReference; lastKnownFileType = image.png; path = Ready.png; sourceTree = "<group>"; };
		A7270F661EF72AC700A45483 /* Score.png */ = {isa = PBXFileReference; lastKnownFileType = image.png; path = Score.png; sourceTree = "<group>"; };
		A7270F681EF72AC700A45483 /* Back Button.png */ = {isa = PBXFileReference; lastKnownFileType = image.png; path = "Back Button.png"; sourceTree = "<group>"; };
		A7270F691EF72AC700A45483 /* Check Sign.png */ = {isa = PBXFileReference; lastKnownFileType = image.png; path = "Check Sign.png"; sourceTree = "<group>"; };
		A7270F6A1EF72AC700A45483 /* Easy Button.png */ = {isa = PBXFileReference; lastKnownFileType = image.png; path = "Easy Button.png"; sourceTree = "<group>"; };
		A7270F6B1EF72AC700A45483 /* Hard Button.png */ = {isa = PBXFileReference; lastKnownFileType = image.png; path = "Hard Button.png"; sourceTree = "<group>"; };
		A7270F6C1EF72AC700A45483 /* Medium Button.png */ = {isa = PBXFileReference; lastKnownFileType = image.png; path = "Medium Button.png"; sourceTree = "<group>"; };
		A7270F6E1EF72AC700A45483 /* Highscore Button.png */ = {isa = PBXFileReference; lastKnownFileType = image.png; path = "Highscore Button.png"; sourceTree = "<group>"; };
		A7270F6F1EF72AC700A45483 /* Music Off Button.png */ = {isa = PBXFileReference; lastKnownFileType = image.png; path = "Music Off Button.png"; sourceTree = "<group>"; };
		A7270F701EF72AC700A45483 /* Music On Button.png */ = {isa = PBXFileReference; lastKnownFileType = image.png; path = "Music On Button.png"; sourceTree = "<group>"; };
		A7270F711EF72AC700A45483 /* Options Button.png */ = {isa = PBXFileReference; lastKnownFileType = image.png; path = "Options Button.png"; sourceTree = "<group>"; };
		A7270F721EF72AC700A45483 /* Quit Button.png */ = {isa = PBXFileReference; lastKnownFileType = image.png; path = "Quit Button.png"; sourceTree = "<group>"; };
		A7270F731EF72AC700A45483 /* Start Game Button.png */ = {isa = PBXFileReference; lastKnownFileType = image.png; path = "Start Game Button.png"; sourceTree = "<group>"; };
/* End PBXFileReference section */

/* Begin PBXFrameworksBuildPhase section */
		A7270F0E1EF7299700A45483 /* Frameworks */ = {
			isa = PBXFrameworksBuildPhase;
			buildActionMask = 2147483647;
			files = (
			);
			runOnlyForDeploymentPostprocessing = 0;
		};
		A7270F281EF7299700A45483 /* Frameworks */ = {
			isa = PBXFrameworksBuildPhase;
			buildActionMask = 2147483647;
			files = (
			);
			runOnlyForDeploymentPostprocessing = 0;
		};
		A7270F331EF7299700A45483 /* Frameworks */ = {
			isa = PBXFrameworksBuildPhase;
			buildActionMask = 2147483647;
			files = (
			);
			runOnlyForDeploymentPostprocessing = 0;
		};
/* End PBXFrameworksBuildPhase section */

/* Begin PBXGroup section */
		A7270F081EF7299700A45483 = {
			isa = PBXGroup;
			children = (
				A7270F131EF7299700A45483 /* Jack-The-Giant-iOS */,
				A7270F481EF72A1900A45483 /* Assets */,
				A7270F2E1EF7299700A45483 /* Jack-The-Giant-iOSTests */,
				A7270F391EF7299700A45483 /* Jack-The-Giant-iOSUITests */,
				A7270F121EF7299700A45483 /* Products */,
			);
			sourceTree = "<group>";
		};
		A7270F121EF7299700A45483 /* Products */ = {
			isa = PBXGroup;
			children = (
				A7270F111EF7299700A45483 /* Jack-The-Giant-iOS.app */,
				A7270F2B1EF7299700A45483 /* Jack-The-Giant-iOSTests.xctest */,
				A7270F361EF7299700A45483 /* Jack-The-Giant-iOSUITests.xctest */,
			);
			name = Products;
			sourceTree = "<group>";
		};
		A7270F131EF7299700A45483 /* Jack-The-Giant-iOS */ = {
			isa = PBXGroup;
			children = (
				A7270F141EF7299700A45483 /* AppDelegate.swift */,
				A7270F161EF7299700A45483 /* GameScene.sks */,
				A7270F181EF7299700A45483 /* Actions.sks */,
				A7270F1A1EF7299700A45483 /* GameScene.swift */,
				A7270F1C1EF7299700A45483 /* GameViewController.swift */,
				A7270F1E1EF7299700A45483 /* Main.storyboard */,
				A7270F211EF7299700A45483 /* Assets.xcassets */,
				A7270F231EF7299700A45483 /* LaunchScreen.storyboard */,
				A7270F261EF7299700A45483 /* Info.plist */,
			);
			path = "Jack-The-Giant-iOS";
			sourceTree = "<group>";
		};
		A7270F2E1EF7299700A45483 /* Jack-The-Giant-iOSTests */ = {
			isa = PBXGroup;
			children = (
				A7270F2F1EF7299700A45483 /* Jack_The_Giant_iOSTests.swift */,
				A7270F311EF7299700A45483 /* Info.plist */,
			);
			path = "Jack-The-Giant-iOSTests";
			sourceTree = "<group>";
		};
		A7270F391EF7299700A45483 /* Jack-The-Giant-iOSUITests */ = {
			isa = PBXGroup;
			children = (
				A7270F3A1EF7299700A45483 /* Jack_The_Giant_iOSUITests.swift */,
				A7270F3C1EF7299700A45483 /* Info.plist */,
			);
			path = "Jack-The-Giant-iOSUITests";
			sourceTree = "<group>";
		};
		A7270F481EF72A1900A45483 /* Assets */ = {
			isa = PBXGroup;
			children = (
				A7270F491EF72AC700A45483 /* 1 - Pause Panel And Buttons */,
				A7270F4E1EF72AC700A45483 /* 2 - Collectables */,
				A7270F511EF72AC700A45483 /* 4 - Clouds */,
				A7270F561EF72AC700A45483 /* 5 - Fonts */,
				A7270F581EF72AC700A45483 /* 6 - Music */,
				A7270F5D1EF72AC700A45483 /* 7 - Backgrounds */,
				A7270F621EF72AC700A45483 /* 8 - Buttons */,
			);
			name = Assets;
			sourceTree = "<group>";
		};
		A7270F491EF72AC700A45483 /* 1 - Pause Panel And Buttons */ = {
			isa = PBXGroup;
			children = (
				A7270F4A1EF72AC700A45483 /* Pause Menu.png */,
				A7270F4B1EF72AC700A45483 /* Quit Button 2.png */,
				A7270F4C1EF72AC700A45483 /* Resume Button.png */,
				A7270F4D1EF72AC700A45483 /* Show Score.png */,
			);
			path = "1 - Pause Panel And Buttons";
			sourceTree = "<group>";
		};
		A7270F4E1EF72AC700A45483 /* 2 - Collectables */ = {
			isa = PBXGroup;
			children = (
				A7270F4F1EF72AC700A45483 /* Coin.png */,
				A7270F501EF72AC700A45483 /* Life.png */,
			);
			path = "2 - Collectables";
			sourceTree = "<group>";
		};
		A7270F511EF72AC700A45483 /* 4 - Clouds */ = {
			isa = PBXGroup;
			children = (
				A7270F521EF72AC700A45483 /* Cloud 1.png */,
				A7270F531EF72AC700A45483 /* Cloud 2.png */,
				A7270F541EF72AC700A45483 /* Cloud 3.png */,
				A7270F551EF72AC700A45483 /* Dark Cloud.png */,
			);
			path = "4 - Clouds";
			sourceTree = "<group>";
		};
		A7270F561EF72AC700A45483 /* 5 - Fonts */ = {
			isa = PBXGroup;
			children = (
				A7270F571EF72AC700A45483 /* blow.ttf */,
			);
			path = "5 - Fonts";
			sourceTree = "<group>";
		};
		A7270F581EF72AC700A45483 /* 6 - Music */ = {
			isa = PBXGroup;
			children = (
				A7270F591EF72AC700A45483 /* Background music.mp3 */,
				A7270F5A1EF72AC700A45483 /* Click Sound.wav */,
				A7270F5B1EF72AC700A45483 /* Coin Sound.wav */,
				A7270F5C1EF72AC700A45483 /* Life Sound.wav */,
			);
			path = "6 - Music";
			sourceTree = "<group>";
		};
		A7270F5D1EF72AC700A45483 /* 7 - Backgrounds */ = {
			isa = PBXGroup;
			children = (
				A7270F5E1EF72AC700A45483 /* Game BG.png */,
				A7270F5F1EF72AC700A45483 /* Highscore BG.png */,
				A7270F601EF72AC700A45483 /* Menu BG.png */,
				A7270F611EF72AC700A45483 /* Options BG.png */,
			);
			path = "7 - Backgrounds";
			sourceTree = "<group>";
		};
		A7270F621EF72AC700A45483 /* 8 - Buttons */ = {
			isa = PBXGroup;
			children = (
				A7270F631EF72AC700A45483 /* 1 - Gameplay Buttons */,
				A7270F671EF72AC700A45483 /* 2 - Options Buttons */,
				A7270F6D1EF72AC700A45483 /* 3 - Main Menu Buttons */,
			);
			path = "8 - Buttons";
			sourceTree = "<group>";
		};
		A7270F631EF72AC700A45483 /* 1 - Gameplay Buttons */ = {
			isa = PBXGroup;
			children = (
				A7270F641EF72AC700A45483 /* Pause Button.png */,
				A7270F651EF72AC700A45483 /* Ready.png */,
				A7270F661EF72AC700A45483 /* Score.png */,
			);
			path = "1 - Gameplay Buttons";
			sourceTree = "<group>";
		};
		A7270F671EF72AC700A45483 /* 2 - Options Buttons */ = {
			isa = PBXGroup;
			children = (
				A7270F681EF72AC700A45483 /* Back Button.png */,
				A7270F691EF72AC700A45483 /* Check Sign.png */,
				A7270F6A1EF72AC700A45483 /* Easy Button.png */,
				A7270F6B1EF72AC700A45483 /* Hard Button.png */,
				A7270F6C1EF72AC700A45483 /* Medium Button.png */,
			);
			path = "2 - Options Buttons";
			sourceTree = "<group>";
		};
		A7270F6D1EF72AC700A45483 /* 3 - Main Menu Buttons */ = {
			isa = PBXGroup;
			children = (
				A7270F6E1EF72AC700A45483 /* Highscore Button.png */,
				A7270F6F1EF72AC700A45483 /* Music Off Button.png */,
				A7270F701EF72AC700A45483 /* Music On Button.png */,
				A7270F711EF72AC700A45483 /* Options Button.png */,
				A7270F721EF72AC700A45483 /* Quit Button.png */,
				A7270F731EF72AC700A45483 /* Start Game Button.png */,
			);
			path = "3 - Main Menu Buttons";
			sourceTree = "<group>";
		};
/* End PBXGroup section */

/* Begin PBXNativeTarget section */
		A7270F101EF7299700A45483 /* Jack-The-Giant-iOS */ = {
			isa = PBXNativeTarget;
			buildConfigurationList = A7270F3F1EF7299700A45483 /* Build configuration list for PBXNativeTarget "Jack-The-Giant-iOS" */;
			buildPhases = (
				A7270F0D1EF7299700A45483 /* Sources */,
				A7270F0E1EF7299700A45483 /* Frameworks */,
				A7270F0F1EF7299700A45483 /* Resources */,
			);
			buildRules = (
			);
			dependencies = (
			);
			name = "Jack-The-Giant-iOS";
			productName = "Jack-The-Giant-iOS";
			productReference = A7270F111EF7299700A45483 /* Jack-The-Giant-iOS.app */;
			productType = "com.apple.product-type.application";
		};
		A7270F2A1EF7299700A45483 /* Jack-The-Giant-iOSTests */ = {
			isa = PBXNativeTarget;
			buildConfigurationList = A7270F421EF7299700A45483 /* Build configuration list for PBXNativeTarget "Jack-The-Giant-iOSTests" */;
			buildPhases = (
				A7270F271EF7299700A45483 /* Sources */,
				A7270F281EF7299700A45483 /* Frameworks */,
				A7270F291EF7299700A45483 /* Resources */,
			);
			buildRules = (
			);
			dependencies = (
				A7270F2D1EF7299700A45483 /* PBXTargetDependency */,
			);
			name = "Jack-The-Giant-iOSTests";
			productName = "Jack-The-Giant-iOSTests";
			productReference = A7270F2B1EF7299700A45483 /* Jack-The-Giant-iOSTests.xctest */;
			productType = "com.apple.product-type.bundle.unit-test";
		};
		A7270F351EF7299700A45483 /* Jack-The-Giant-iOSUITests */ = {
			isa = PBXNativeTarget;
			buildConfigurationList = A7270F451EF7299700A45483 /* Build configuration list for PBXNativeTarget "Jack-The-Giant-iOSUITests" */;
			buildPhases = (
				A7270F321EF7299700A45483 /* Sources */,
				A7270F331EF7299700A45483 /* Frameworks */,
				A7270F341EF7299700A45483 /* Resources */,
			);
			buildRules = (
			);
			dependencies = (
				A7270F381EF7299700A45483 /* PBXTargetDependency */,
			);
			name = "Jack-The-Giant-iOSUITests";
			productName = "Jack-The-Giant-iOSUITests";
			productReference = A7270F361EF7299700A45483 /* Jack-The-Giant-iOSUITests.xctest */;
			productType = "com.apple.product-type.bundle.ui-testing";
		};
/* End PBXNativeTarget section */

/* Begin PBXProject section */
		A7270F091EF7299700A45483 /* Project object */ = {
			isa = PBXProject;
			attributes = {
				LastSwiftUpdateCheck = 0830;
				LastUpgradeCheck = 0830;
				ORGANIZATIONNAME = "Árthur Ken Aramaki Mota";
				TargetAttributes = {
					A7270F101EF7299700A45483 = {
						CreatedOnToolsVersion = 8.3.3;
						DevelopmentTeam = L4R262228V;
						ProvisioningStyle = Automatic;
					};
					A7270F2A1EF7299700A45483 = {
						CreatedOnToolsVersion = 8.3.3;
						DevelopmentTeam = L4R262228V;
						ProvisioningStyle = Automatic;
						TestTargetID = A7270F101EF7299700A45483;
					};
					A7270F351EF7299700A45483 = {
						CreatedOnToolsVersion = 8.3.3;
						DevelopmentTeam = L4R262228V;
						ProvisioningStyle = Automatic;
						TestTargetID = A7270F101EF7299700A45483;
					};
				};
			};
			buildConfigurationList = A7270F0C1EF7299700A45483 /* Build configuration list for PBXProject "Jack-The-Giant-iOS" */;
			compatibilityVersion = "Xcode 3.2";
			developmentRegion = English;
			hasScannedForEncodings = 0;
			knownRegions = (
				en,
				Base,
			);
			mainGroup = A7270F081EF7299700A45483;
			productRefGroup = A7270F121EF7299700A45483 /* Products */;
			projectDirPath = "";
			projectRoot = "";
			targets = (
				A7270F101EF7299700A45483 /* Jack-The-Giant-iOS */,
				A7270F2A1EF7299700A45483 /* Jack-The-Giant-iOSTests */,
				A7270F351EF7299700A45483 /* Jack-The-Giant-iOSUITests */,
			);
		};
/* End PBXProject section */

/* Begin PBXResourcesBuildPhase section */
		A7270F0F1EF7299700A45483 /* Resources */ = {
			isa = PBXResourcesBuildPhase;
			buildActionMask = 2147483647;
			files = (
				A7270F941EF72AC700A45483 /* Start Game Button.png in Resources */,
				A7270F741EF72AC700A45483 /* Pause Menu.png in Resources */,
				A7270F8E1EF72AC700A45483 /* Medium Button.png in Resources */,
				A7270F761EF72AC700A45483 /* Resume Button.png in Resources */,
				A7270F8C1EF72AC700A45483 /* Easy Button.png in Resources */,
				A7270F781EF72AC700A45483 /* Coin.png in Resources */,
				A7270F931EF72AC700A45483 /* Quit Button.png in Resources */,
				A7270F831EF72AC700A45483 /* Game BG.png in Resources */,
				A7270F751EF72AC700A45483 /* Quit Button 2.png in Resources */,
				A7270F7D1EF72AC700A45483 /* Dark Cloud.png in Resources */,
				A7270F891EF72AC700A45483 /* Score.png in Resources */,
				A7270F8B1EF72AC700A45483 /* Check Sign.png in Resources */,
				A7270F7C1EF72AC700A45483 /* Cloud 3.png in Resources */,
				A7270F791EF72AC700A45483 /* Life.png in Resources */,
				A7270F7F1EF72AC700A45483 /* Background music.mp3 in Resources */,
				A7270F921EF72AC700A45483 /* Options Button.png in Resources */,
				A7270F881EF72AC700A45483 /* Ready.png in Resources */,
				A7270F801EF72AC700A45483 /* Click Sound.wav in Resources */,
				A7270F771EF72AC700A45483 /* Show Score.png in Resources */,
				A7270F7E1EF72AC700A45483 /* blow.ttf in Resources */,
				A7270F821EF72AC700A45483 /* Life Sound.wav in Resources */,
				A7270F201EF7299700A45483 /* Main.storyboard in Resources */,
				A7270F7B1EF72AC700A45483 /* Cloud 2.png in Resources */,
				A7270F851EF72AC700A45483 /* Menu BG.png in Resources */,
				A7270F911EF72AC700A45483 /* Music On Button.png in Resources */,
				A7270F171EF7299700A45483 /* GameScene.sks in Resources */,
				A7270F841EF72AC700A45483 /* Highscore BG.png in Resources */,
				A7270F221EF7299700A45483 /* Assets.xcassets in Resources */,
				A7270F8D1EF72AC700A45483 /* Hard Button.png in Resources */,
				A7270F901EF72AC700A45483 /* Music Off Button.png in Resources */,
				A7270F811EF72AC700A45483 /* Coin Sound.wav in Resources */,
				A7270F251EF7299700A45483 /* LaunchScreen.storyboard in Resources */,
				A7270F7A1EF72AC700A45483 /* Cloud 1.png in Resources */,
				A7270F861EF72AC700A45483 /* Options BG.png in Resources */,
				A7270F871EF72AC700A45483 /* Pause Button.png in Resources */,
				A7270F191EF7299700A45483 /* Actions.sks in Resources */,
				A7270F8F1EF72AC700A45483 /* Highscore Button.png in Resources */,
				A7270F8A1EF72AC700A45483 /* Back Button.png in Resources */,
			);
			runOnlyForDeploymentPostprocessing = 0;
		};
		A7270F291EF7299700A45483 /* Resources */ = {
			isa = PBXResourcesBuildPhase;
			buildActionMask = 2147483647;
			files = (
			);
			runOnlyForDeploymentPostprocessing = 0;
		};
		A7270F341EF7299700A45483 /* Resources */ = {
			isa = PBXResourcesBuildPhase;
			buildActionMask = 2147483647;
			files = (
			);
			runOnlyForDeploymentPostprocessing = 0;
		};
/* End PBXResourcesBuildPhase section */

/* Begin PBXSourcesBuildPhase section */
		A7270F0D1EF7299700A45483 /* Sources */ = {
			isa = PBXSourcesBuildPhase;
			buildActionMask = 2147483647;
			files = (
				A7270F1B1EF7299700A45483 /* GameScene.swift in Sources */,
				A7270F1D1EF7299700A45483 /* GameViewController.swift in Sources */,
				A7270F151EF7299700A45483 /* AppDelegate.swift in Sources */,
			);
			runOnlyForDeploymentPostprocessing = 0;
		};
		A7270F271EF7299700A45483 /* Sources */ = {
			isa = PBXSourcesBuildPhase;
			buildActionMask = 2147483647;
			files = (
				A7270F301EF7299700A45483 /* Jack_The_Giant_iOSTests.swift in Sources */,
			);
			runOnlyForDeploymentPostprocessing = 0;
		};
		A7270F321EF7299700A45483 /* Sources */ = {
			isa = PBXSourcesBuildPhase;
			buildActionMask = 2147483647;
			files = (
				A7270F3B1EF7299700A45483 /* Jack_The_Giant_iOSUITests.swift in Sources */,
			);
			runOnlyForDeploymentPostprocessing = 0;
		};
/* End PBXSourcesBuildPhase section */

/* Begin PBXTargetDependency section */
		A7270F2D1EF7299700A45483 /* PBXTargetDependency */ = {
			isa = PBXTargetDependency;
			target = A7270F101EF7299700A45483 /* Jack-The-Giant-iOS */;
			targetProxy = A7270F2C1EF7299700A45483 /* PBXContainerItemProxy */;
		};
		A7270F381EF7299700A45483 /* PBXTargetDependency */ = {
			isa = PBXTargetDependency;
			target = A7270F101EF7299700A45483 /* Jack-The-Giant-iOS */;
			targetProxy = A7270F371EF7299700A45483 /* PBXContainerItemProxy */;
		};
/* End PBXTargetDependency section */

/* Begin PBXVariantGroup section */
		A7270F1E1EF7299700A45483 /* Main.storyboard */ = {
			isa = PBXVariantGroup;
			children = (
				A7270F1F1EF7299700A45483 /* Base */,
			);
			name = Main.storyboard;
			sourceTree = "<group>";
		};
		A7270F231EF7299700A45483 /* LaunchScreen.storyboard */ = {
			isa = PBXVariantGroup;
			children = (
				A7270F241EF7299700A45483 /* Base */,
			);
			name = LaunchScreen.storyboard;
			sourceTree = "<group>";
		};
/* End PBXVariantGroup section */

/* Begin XCBuildConfiguration section */
		A7270F3D1EF7299700A45483 /* Debug */ = {
			isa = XCBuildConfiguration;
			buildSettings = {
				ALWAYS_SEARCH_USER_PATHS = NO;
				CLANG_ANALYZER_NONNULL = YES;
				CLANG_ANALYZER_NUMBER_OBJECT_CONVERSION = YES_AGGRESSIVE;
				CLANG_CXX_LANGUAGE_STANDARD = "gnu++0x";
				CLANG_CXX_LIBRARY = "libc++";
				CLANG_ENABLE_MODULES = YES;
				CLANG_ENABLE_OBJC_ARC = YES;
				CLANG_WARN_BOOL_CONVERSION = YES;
				CLANG_WARN_CONSTANT_CONVERSION = YES;
				CLANG_WARN_DIRECT_OBJC_ISA_USAGE = YES_ERROR;
				CLANG_WARN_DOCUMENTATION_COMMENTS = YES;
				CLANG_WARN_EMPTY_BODY = YES;
				CLANG_WARN_ENUM_CONVERSION = YES;
				CLANG_WARN_INFINITE_RECURSION = YES;
				CLANG_WARN_INT_CONVERSION = YES;
				CLANG_WARN_OBJC_ROOT_CLASS = YES_ERROR;
				CLANG_WARN_SUSPICIOUS_MOVE = YES;
				CLANG_WARN_UNREACHABLE_CODE = YES;
				CLANG_WARN__DUPLICATE_METHOD_MATCH = YES;
				"CODE_SIGN_IDENTITY[sdk=iphoneos*]" = "iPhone Developer";
				COPY_PHASE_STRIP = NO;
				DEBUG_INFORMATION_FORMAT = dwarf;
				ENABLE_STRICT_OBJC_MSGSEND = YES;
				ENABLE_TESTABILITY = YES;
				GCC_C_LANGUAGE_STANDARD = gnu99;
				GCC_DYNAMIC_NO_PIC = NO;
				GCC_NO_COMMON_BLOCKS = YES;
				GCC_OPTIMIZATION_LEVEL = 0;
				GCC_PREPROCESSOR_DEFINITIONS = (
					"DEBUG=1",
					"$(inherited)",
				);
				GCC_WARN_64_TO_32_BIT_CONVERSION = YES;
				GCC_WARN_ABOUT_RETURN_TYPE = YES_ERROR;
				GCC_WARN_UNDECLARED_SELECTOR = YES;
				GCC_WARN_UNINITIALIZED_AUTOS = YES_AGGRESSIVE;
				GCC_WARN_UNUSED_FUNCTION = YES;
				GCC_WARN_UNUSED_VARIABLE = YES;
				IPHONEOS_DEPLOYMENT_TARGET = 10.3;
				MTL_ENABLE_DEBUG_INFO = YES;
				ONLY_ACTIVE_ARCH = YES;
				SDKROOT = iphoneos;
				SWIFT_ACTIVE_COMPILATION_CONDITIONS = DEBUG;
				SWIFT_OPTIMIZATION_LEVEL = "-Onone";
			};
			name = Debug;
		};
		A7270F3E1EF7299700A45483 /* Release */ = {
			isa = XCBuildConfiguration;
			buildSettings = {
				ALWAYS_SEARCH_USER_PATHS = NO;
				CLANG_ANALYZER_NONNULL = YES;
				CLANG_ANALYZER_NUMBER_OBJECT_CONVERSION = YES_AGGRESSIVE;
				CLANG_CXX_LANGUAGE_STANDARD = "gnu++0x";
				CLANG_CXX_LIBRARY = "libc++";
				CLANG_ENABLE_MODULES = YES;
				CLANG_ENABLE_OBJC_ARC = YES;
				CLANG_WARN_BOOL_CONVERSION = YES;
				CLANG_WARN_CONSTANT_CONVERSION = YES;
				CLANG_WARN_DIRECT_OBJC_ISA_USAGE = YES_ERROR;
				CLANG_WARN_DOCUMENTATION_COMMENTS = YES;
				CLANG_WARN_EMPTY_BODY = YES;
				CLANG_WARN_ENUM_CONVERSION = YES;
				CLANG_WARN_INFINITE_RECURSION = YES;
				CLANG_WARN_INT_CONVERSION = YES;
				CLANG_WARN_OBJC_ROOT_CLASS = YES_ERROR;
				CLANG_WARN_SUSPICIOUS_MOVE = YES;
				CLANG_WARN_UNREACHABLE_CODE = YES;
				CLANG_WARN__DUPLICATE_METHOD_MATCH = YES;
				"CODE_SIGN_IDENTITY[sdk=iphoneos*]" = "iPhone Developer";
				COPY_PHASE_STRIP = NO;
				DEBUG_INFORMATION_FORMAT = "dwarf-with-dsym";
				ENABLE_NS_ASSERTIONS = NO;
				ENABLE_STRICT_OBJC_MSGSEND = YES;
				GCC_C_LANGUAGE_STANDARD = gnu99;
				GCC_NO_COMMON_BLOCKS = YES;
				GCC_WARN_64_TO_32_BIT_CONVERSION = YES;
				GCC_WARN_ABOUT_RETURN_TYPE = YES_ERROR;
				GCC_WARN_UNDECLARED_SELECTOR = YES;
				GCC_WARN_UNINITIALIZED_AUTOS = YES_AGGRESSIVE;
				GCC_WARN_UNUSED_FUNCTION = YES;
				GCC_WARN_UNUSED_VARIABLE = YES;
				IPHONEOS_DEPLOYMENT_TARGET = 10.3;
				MTL_ENABLE_DEBUG_INFO = NO;
				SDKROOT = iphoneos;
				SWIFT_OPTIMIZATION_LEVEL = "-Owholemodule";
				VALIDATE_PRODUCT = YES;
			};
			name = Release;
		};
		A7270F401EF7299700A45483 /* Debug */ = {
			isa = XCBuildConfiguration;
			buildSettings = {
				ASSETCATALOG_COMPILER_APPICON_NAME = AppIcon;
				DEVELOPMENT_TEAM = L4R262228V;
				INFOPLIST_FILE = "Jack-The-Giant-iOS/Info.plist";
				LD_RUNPATH_SEARCH_PATHS = "$(inherited) @executable_path/Frameworks";
				PRODUCT_BUNDLE_IDENTIFIER = "com.kenaramaki.Jack-The-Giant-iOS";
				PRODUCT_NAME = "$(TARGET_NAME)";
				SWIFT_VERSION = 3.0;
			};
			name = Debug;
		};
		A7270F411EF7299700A45483 /* Release */ = {
			isa = XCBuildConfiguration;
			buildSettings = {
				ASSETCATALOG_COMPILER_APPICON_NAME = AppIcon;
				DEVELOPMENT_TEAM = L4R262228V;
				INFOPLIST_FILE = "Jack-The-Giant-iOS/Info.plist";
				LD_RUNPATH_SEARCH_PATHS = "$(inherited) @executable_path/Frameworks";
				PRODUCT_BUNDLE_IDENTIFIER = "com.kenaramaki.Jack-The-Giant-iOS";
				PRODUCT_NAME = "$(TARGET_NAME)";
				SWIFT_VERSION = 3.0;
			};
			name = Release;
		};
		A7270F431EF7299700A45483 /* Debug */ = {
			isa = XCBuildConfiguration;
			buildSettings = {
				ALWAYS_EMBED_SWIFT_STANDARD_LIBRARIES = YES;
				BUNDLE_LOADER = "$(TEST_HOST)";
				DEVELOPMENT_TEAM = L4R262228V;
				INFOPLIST_FILE = "Jack-The-Giant-iOSTests/Info.plist";
				LD_RUNPATH_SEARCH_PATHS = "$(inherited) @executable_path/Frameworks @loader_path/Frameworks";
				PRODUCT_BUNDLE_IDENTIFIER = "com.kenaramaki.Jack-The-Giant-iOSTests";
				PRODUCT_NAME = "$(TARGET_NAME)";
				SWIFT_VERSION = 3.0;
				TEST_HOST = "$(BUILT_PRODUCTS_DIR)/Jack-The-Giant-iOS.app/Jack-The-Giant-iOS";
			};
			name = Debug;
		};
		A7270F441EF7299700A45483 /* Release */ = {
			isa = XCBuildConfiguration;
			buildSettings = {
				ALWAYS_EMBED_SWIFT_STANDARD_LIBRARIES = YES;
				BUNDLE_LOADER = "$(TEST_HOST)";
				DEVELOPMENT_TEAM = L4R262228V;
				INFOPLIST_FILE = "Jack-The-Giant-iOSTests/Info.plist";
				LD_RUNPATH_SEARCH_PATHS = "$(inherited) @executable_path/Frameworks @loader_path/Frameworks";
				PRODUCT_BUNDLE_IDENTIFIER = "com.kenaramaki.Jack-The-Giant-iOSTests";
				PRODUCT_NAME = "$(TARGET_NAME)";
				SWIFT_VERSION = 3.0;
				TEST_HOST = "$(BUILT_PRODUCTS_DIR)/Jack-The-Giant-iOS.app/Jack-The-Giant-iOS";
			};
			name = Release;
		};
		A7270F461EF7299700A45483 /* Debug */ = {
			isa = XCBuildConfiguration;
			buildSettings = {
				ALWAYS_EMBED_SWIFT_STANDARD_LIBRARIES = YES;
				DEVELOPMENT_TEAM = L4R262228V;
				INFOPLIST_FILE = "Jack-The-Giant-iOSUITests/Info.plist";
				LD_RUNPATH_SEARCH_PATHS = "$(inherited) @executable_path/Frameworks @loader_path/Frameworks";
				PRODUCT_BUNDLE_IDENTIFIER = "com.kenaramaki.Jack-The-Giant-iOSUITests";
				PRODUCT_NAME = "$(TARGET_NAME)";
				SWIFT_VERSION = 3.0;
				TEST_TARGET_NAME = "Jack-The-Giant-iOS";
			};
			name = Debug;
		};
		A7270F471EF7299700A45483 /* Release */ = {
			isa = XCBuildConfiguration;
			buildSettings = {
				ALWAYS_EMBED_SWIFT_STANDARD_LIBRARIES = YES;
				DEVELOPMENT_TEAM = L4R262228V;
				INFOPLIST_FILE = "Jack-The-Giant-iOSUITests/Info.plist";
				LD_RUNPATH_SEARCH_PATHS = "$(inherited) @executable_path/Frameworks @loader_path/Frameworks";
				PRODUCT_BUNDLE_IDENTIFIER = "com.kenaramaki.Jack-The-Giant-iOSUITests";
				PRODUCT_NAME = "$(TARGET_NAME)";
				SWIFT_VERSION = 3.0;
				TEST_TARGET_NAME = "Jack-The-Giant-iOS";
			};
			name = Release;
		};
/* End XCBuildConfiguration section */

/* Begin XCConfigurationList section */
		A7270F0C1EF7299700A45483 /* Build configuration list for PBXProject "Jack-The-Giant-iOS" */ = {
			isa = XCConfigurationList;
			buildConfigurations = (
				A7270F3D1EF7299700A45483 /* Debug */,
				A7270F3E1EF7299700A45483 /* Release */,
			);
			defaultConfigurationIsVisible = 0;
			defaultConfigurationName = Release;
		};
		A7270F3F1EF7299700A45483 /* Build configuration list for PBXNativeTarget "Jack-The-Giant-iOS" */ = {
			isa = XCConfigurationList;
			buildConfigurations = (
				A7270F401EF7299700A45483 /* Debug */,
				A7270F411EF7299700A45483 /* Release */,
			);
			defaultConfigurationIsVisible = 0;
		};
		A7270F421EF7299700A45483 /* Build configuration list for PBXNativeTarget "Jack-The-Giant-iOSTests" */ = {
			isa = XCConfigurationList;
			buildConfigurations = (
				A7270F431EF7299700A45483 /* Debug */,
				A7270F441EF7299700A45483 /* Release */,
			);
			defaultConfigurationIsVisible = 0;
		};
		A7270F451EF7299700A45483 /* Build configuration list for PBXNativeTarget "Jack-The-Giant-iOSUITests" */ = {
			isa = XCConfigurationList;
			buildConfigurations = (
				A7270F461EF7299700A45483 /* Debug */,
				A7270F471EF7299700A45483 /* Release */,
			);
			defaultConfigurationIsVisible = 0;
		};
/* End XCConfigurationList section */
	};
	rootObject = A7270F091EF7299700A45483 /* Project object */;
}
